
Microsoft Visual Studio Solution File, Format Version 12.00
# Visual Studio 15
VisualStudioVersion = 15.0.27703.2026
MinimumVisualStudioVersion = 10.0.40219.1
Project("{FAE04EC0-301F-11D3-BF4B-00C04F79EFBC}") = "Portafolio.Web", "Portafolio.Web\Portafolio.Web.csproj", "{E3AB1915-FBFF-4ED9-8BF1-6EEF39F14F7E}"
EndProject
Project("{FAE04EC0-301F-11D3-BF4B-00C04F79EFBC}") = "Portafolio.Modelo", "Portafolio.Modelo\Portafolio.Modelo.csproj", "{51EE6EDA-0261-45D5-B81D-C76B886F56B1}"
EndProject
Global
	GlobalSection(SolutionConfigurationPlatforms) = preSolution
		Debug|Any CPU = Debug|Any CPU
		Release|Any CPU = Release|Any CPU
	EndGlobalSection
	GlobalSection(ProjectConfigurationPlatforms) = postSolution
		{E3AB1915-FBFF-4ED9-8BF1-6EEF39F14F7E}.Debug|Any CPU.ActiveCfg = Debug|Any CPU
		{E3AB1915-FBFF-4ED9-8BF1-6EEF39F14F7E}.Debug|Any CPU.Build.0 = Debug|Any CPU
		{E3AB1915-FBFF-4ED9-8BF1-6EEF39F14F7E}.Release|Any CPU.ActiveCfg = Release|Any CPU
		{E3AB1915-FBFF-4ED9-8BF1-6EEF39F14F7E}.Release|Any CPU.Build.0 = Release|Any CPU
		{51EE6EDA-0261-45D5-B81D-C76B886F56B1}.Debug|Any CPU.ActiveCfg = Debug|Any CPU
		{51EE6EDA-0261-45D5-B81D-C76B886F56B1}.Debug|Any CPU.Build.0 = Debug|Any CPU
		{51EE6EDA-0261-45D5-B81D-C76B886F56B1}.Release|Any CPU.ActiveCfg = Release|Any CPU
		{51EE6EDA-0261-45D5-B81D-C76B886F56B1}.Release|Any CPU.Build.0 = Release|Any CPU
	EndGlobalSection
	GlobalSection(SolutionProperties) = preSolution
		HideSolutionNode = FALSE
	EndGlobalSection
	GlobalSection(ExtensibilityGlobals) = postSolution
		SolutionGuid = {E83B07A7-3C5D-4F5D-94DD-F20F7F3FC6AF}
	EndGlobalSection
EndGlobal
